// !$*UTF8*$!
{
	archiveVersion = 1;
	classes = {
	};
	objectVersion = 56;
	objects = {

/* Begin PBXBuildFile section */
		880EBF692D52743C00F3107C /* Main.storyboard in Resources */ = {isa = PBXBuildFile; fileRef = 880EBF682D52743C00F3107C /* Main.storyboard */; };
		880EBF6C2D533F8E00F3107C /* ToDoTableViewCell.swift in Sources */ = {isa = PBXBuildFile; fileRef = 880EBF6B2D533F8E00F3107C /* ToDoTableViewCell.swift */; };
		8816483E2D52119100756A61 /* AppDelegate.swift in Sources */ = {isa = PBXBuildFile; fileRef = 8816483D2D52119100756A61 /* AppDelegate.swift */; };
		881648402D52119100756A61 /* SceneDelegate.swift in Sources */ = {isa = PBXBuildFile; fileRef = 8816483F2D52119100756A61 /* SceneDelegate.swift */; };
		881648422D52119100756A61 /* ToDoListViewController.swift in Sources */ = {isa = PBXBuildFile; fileRef = 881648412D52119100756A61 /* ToDoListViewController.swift */; };
		881648472D52119200756A61 /* Assets.xcassets in Resources */ = {isa = PBXBuildFile; fileRef = 881648462D52119200756A61 /* Assets.xcassets */; };
		8816484A2D52119200756A61 /* Base in Resources */ = {isa = PBXBuildFile; fileRef = 881648492D52119200756A61 /* Base */; };
		881648552D52119200756A61 /* VIPERToDoListTests.swift in Sources */ = {isa = PBXBuildFile; fileRef = 881648542D52119200756A61 /* VIPERToDoListTests.swift */; };
		8816485F2D52119200756A61 /* VIPERToDoListUITests.swift in Sources */ = {isa = PBXBuildFile; fileRef = 8816485E2D52119200756A61 /* VIPERToDoListUITests.swift */; };
		881648612D52119200756A61 /* VIPERToDoListUITestsLaunchTests.swift in Sources */ = {isa = PBXBuildFile; fileRef = 881648602D52119200756A61 /* VIPERToDoListUITestsLaunchTests.swift */; };
		881648712D5213D100756A61 /* ToDoCoreDataManager.swift in Sources */ = {isa = PBXBuildFile; fileRef = 881648702D5213D100756A61 /* ToDoCoreDataManager.swift */; };
		881648732D5213E800756A61 /* ToDoNetworkManager.swift in Sources */ = {isa = PBXBuildFile; fileRef = 881648722D5213E800756A61 /* ToDoNetworkManager.swift */; };
		881648762D52173000756A61 /* ToDoListPresenter.swift in Sources */ = {isa = PBXBuildFile; fileRef = 881648752D52173000756A61 /* ToDoListPresenter.swift */; };
		881648782D52185500756A61 /* ToDoListRouter.swift in Sources */ = {isa = PBXBuildFile; fileRef = 881648772D52185500756A61 /* ToDoListRouter.swift */; };
		8816487A2D5218C900756A61 /* ToDoListInteractor.swift in Sources */ = {isa = PBXBuildFile; fileRef = 881648792D5218C900756A61 /* ToDoListInteractor.swift */; };
		8816487C2D52195100756A61 /* ToDoListModuleConfigure.swift in Sources */ = {isa = PBXBuildFile; fileRef = 8816487B2D52195100756A61 /* ToDoListModuleConfigure.swift */; };
		881648802D52234A00756A61 /* ToDoEntity.swift in Sources */ = {isa = PBXBuildFile; fileRef = 8816487F2D52234A00756A61 /* ToDoEntity.swift */; };
		881648822D5225BF00756A61 /* ToDoListRepository.swift in Sources */ = {isa = PBXBuildFile; fileRef = 881648812D5225BF00756A61 /* ToDoListRepository.swift */; };
		881648852D5257DF00756A61 /* TaskDetailProtocols.swift in Sources */ = {isa = PBXBuildFile; fileRef = 881648842D5257DF00756A61 /* TaskDetailProtocols.swift */; };
		881648872D5257E800756A61 /* TaskDetailInteractor.swift in Sources */ = {isa = PBXBuildFile; fileRef = 881648862D5257E800756A61 /* TaskDetailInteractor.swift */; };
		881648892D5257F300756A61 /* TaskDetailPresenter.swift in Sources */ = {isa = PBXBuildFile; fileRef = 881648882D5257F300756A61 /* TaskDetailPresenter.swift */; };
		8816488B2D5257FF00756A61 /* TaskDetailViewController.swift in Sources */ = {isa = PBXBuildFile; fileRef = 8816488A2D5257FF00756A61 /* TaskDetailViewController.swift */; };
		8816488D2D52580600756A61 /* TaskDetailRouter.swift in Sources */ = {isa = PBXBuildFile; fileRef = 8816488C2D52580600756A61 /* TaskDetailRouter.swift */; };
		881648912D525B6400756A61 /* ToDoAPIModels.swift in Sources */ = {isa = PBXBuildFile; fileRef = 881648902D525B6400756A61 /* ToDoAPIModels.swift */; };
/* End PBXBuildFile section */

/* Begin PBXContainerItemProxy section */
		881648512D52119200756A61 /* PBXContainerItemProxy */ = {
			isa = PBXContainerItemProxy;
			containerPortal = 881648322D52119100756A61 /* Project object */;
			proxyType = 1;
			remoteGlobalIDString = 881648392D52119100756A61;
			remoteInfo = VIPERToDoList;
		};
		8816485B2D52119200756A61 /* PBXContainerItemProxy */ = {
			isa = PBXContainerItemProxy;
			containerPortal = 881648322D52119100756A61 /* Project object */;
			proxyType = 1;
			remoteGlobalIDString = 881648392D52119100756A61;
			remoteInfo = VIPERToDoList;
		};
/* End PBXContainerItemProxy section */

/* Begin PBXFileReference section */
		880EBF682D52743C00F3107C /* Main.storyboard */ = {isa = PBXFileReference; lastKnownFileType = file.storyboard; path = Main.storyboard; sourceTree = "<group>"; };
		880EBF6B2D533F8E00F3107C /* ToDoTableViewCell.swift */ = {isa = PBXFileReference; lastKnownFileType = sourcecode.swift; path = ToDoTableViewCell.swift; sourceTree = "<group>"; };
		8816483A2D52119100756A61 /* VIPERToDoList.app */ = {isa = PBXFileReference; explicitFileType = wrapper.application; includeInIndex = 0; path = VIPERToDoList.app; sourceTree = BUILT_PRODUCTS_DIR; };
		8816483D2D52119100756A61 /* AppDelegate.swift */ = {isa = PBXFileReference; lastKnownFileType = sourcecode.swift; path = AppDelegate.swift; sourceTree = "<group>"; };
		8816483F2D52119100756A61 /* SceneDelegate.swift */ = {isa = PBXFileReference; lastKnownFileType = sourcecode.swift; path = SceneDelegate.swift; sourceTree = "<group>"; };
		881648412D52119100756A61 /* ToDoListViewController.swift */ = {isa = PBXFileReference; lastKnownFileType = sourcecode.swift; path = ToDoListViewController.swift; sourceTree = "<group>"; };
		881648462D52119200756A61 /* Assets.xcassets */ = {isa = PBXFileReference; lastKnownFileType = folder.assetcatalog; path = Assets.xcassets; sourceTree = "<group>"; };
		881648492D52119200756A61 /* Base */ = {isa = PBXFileReference; lastKnownFileType = file.storyboard; name = Base; path = Base.lproj/LaunchScreen.storyboard; sourceTree = "<group>"; };
		8816484B2D52119200756A61 /* Info.plist */ = {isa = PBXFileReference; lastKnownFileType = text.plist.xml; path = Info.plist; sourceTree = "<group>"; };
		881648502D52119200756A61 /* VIPERToDoListTests.xctest */ = {isa = PBXFileReference; explicitFileType = wrapper.cfbundle; includeInIndex = 0; path = VIPERToDoListTests.xctest; sourceTree = BUILT_PRODUCTS_DIR; };
		881648542D52119200756A61 /* VIPERToDoListTests.swift */ = {isa = PBXFileReference; lastKnownFileType = sourcecode.swift; path = VIPERToDoListTests.swift; sourceTree = "<group>"; };
		8816485A2D52119200756A61 /* VIPERToDoListUITests.xctest */ = {isa = PBXFileReference; explicitFileType = wrapper.cfbundle; includeInIndex = 0; path = VIPERToDoListUITests.xctest; sourceTree = BUILT_PRODUCTS_DIR; };
		8816485E2D52119200756A61 /* VIPERToDoListUITests.swift */ = {isa = PBXFileReference; lastKnownFileType = sourcecode.swift; path = VIPERToDoListUITests.swift; sourceTree = "<group>"; };
		881648602D52119200756A61 /* VIPERToDoListUITestsLaunchTests.swift */ = {isa = PBXFileReference; lastKnownFileType = sourcecode.swift; path = VIPERToDoListUITestsLaunchTests.swift; sourceTree = "<group>"; };
		881648702D5213D100756A61 /* ToDoCoreDataManager.swift */ = {isa = PBXFileReference; lastKnownFileType = sourcecode.swift; path = ToDoCoreDataManager.swift; sourceTree = "<group>"; };
		881648722D5213E800756A61 /* ToDoNetworkManager.swift */ = {isa = PBXFileReference; lastKnownFileType = sourcecode.swift; path = ToDoNetworkManager.swift; sourceTree = "<group>"; };
		881648752D52173000756A61 /* ToDoListPresenter.swift */ = {isa = PBXFileReference; lastKnownFileType = sourcecode.swift; path = ToDoListPresenter.swift; sourceTree = "<group>"; };
		881648772D52185500756A61 /* ToDoListRouter.swift */ = {isa = PBXFileReference; lastKnownFileType = sourcecode.swift; path = ToDoListRouter.swift; sourceTree = "<group>"; };
		881648792D5218C900756A61 /* ToDoListInteractor.swift */ = {isa = PBXFileReference; lastKnownFileType = sourcecode.swift; path = ToDoListInteractor.swift; sourceTree = "<group>"; };
		8816487B2D52195100756A61 /* ToDoListModuleConfigure.swift */ = {isa = PBXFileReference; lastKnownFileType = sourcecode.swift; path = ToDoListModuleConfigure.swift; sourceTree = "<group>"; };
		8816487F2D52234A00756A61 /* ToDoEntity.swift */ = {isa = PBXFileReference; lastKnownFileType = sourcecode.swift; path = ToDoEntity.swift; sourceTree = "<group>"; };
		881648812D5225BF00756A61 /* ToDoListRepository.swift */ = {isa = PBXFileReference; lastKnownFileType = sourcecode.swift; path = ToDoListRepository.swift; sourceTree = "<group>"; };
		881648842D5257DF00756A61 /* TaskDetailProtocols.swift */ = {isa = PBXFileReference; lastKnownFileType = sourcecode.swift; path = TaskDetailProtocols.swift; sourceTree = "<group>"; };
		881648862D5257E800756A61 /* TaskDetailInteractor.swift */ = {isa = PBXFileReference; lastKnownFileType = sourcecode.swift; path = TaskDetailInteractor.swift; sourceTree = "<group>"; };
		881648882D5257F300756A61 /* TaskDetailPresenter.swift */ = {isa = PBXFileReference; lastKnownFileType = sourcecode.swift; path = TaskDetailPresenter.swift; sourceTree = "<group>"; };
		8816488A2D5257FF00756A61 /* TaskDetailViewController.swift */ = {isa = PBXFileReference; lastKnownFileType = sourcecode.swift; path = TaskDetailViewController.swift; sourceTree = "<group>"; };
		8816488C2D52580600756A61 /* TaskDetailRouter.swift */ = {isa = PBXFileReference; lastKnownFileType = sourcecode.swift; path = TaskDetailRouter.swift; sourceTree = "<group>"; };
		881648902D525B6400756A61 /* ToDoAPIModels.swift */ = {isa = PBXFileReference; lastKnownFileType = sourcecode.swift; path = ToDoAPIModels.swift; sourceTree = "<group>"; };
/* End PBXFileReference section */

/* Begin PBXFrameworksBuildPhase section */
		881648372D52119100756A61 /* Frameworks */ = {
			isa = PBXFrameworksBuildPhase;
			buildActionMask = 2147483647;
			files = (
			);
			runOnlyForDeploymentPostprocessing = 0;
		};
		8816484D2D52119200756A61 /* Frameworks */ = {
			isa = PBXFrameworksBuildPhase;
			buildActionMask = 2147483647;
			files = (
			);
			runOnlyForDeploymentPostprocessing = 0;
		};
		881648572D52119200756A61 /* Frameworks */ = {
			isa = PBXFrameworksBuildPhase;
			buildActionMask = 2147483647;
			files = (
			);
			runOnlyForDeploymentPostprocessing = 0;
		};
/* End PBXFrameworksBuildPhase section */

/* Begin PBXGroup section */
		880EBF6A2D533F7A00F3107C /* ToDoListView */ = {
			isa = PBXGroup;
			children = (
				881648412D52119100756A61 /* ToDoListViewController.swift */,
				880EBF682D52743C00F3107C /* Main.storyboard */,
				880EBF6B2D533F8E00F3107C /* ToDoTableViewCell.swift */,
			);
			path = ToDoListView;
			sourceTree = "<group>";
		};
		881648312D52119100756A61 = {
			isa = PBXGroup;
			children = (
				8816483C2D52119100756A61 /* VIPERToDoList */,
				881648532D52119200756A61 /* VIPERToDoListTests */,
				8816485D2D52119200756A61 /* VIPERToDoListUITests */,
				8816483B2D52119100756A61 /* Products */,
			);
			sourceTree = "<group>";
		};
		8816483B2D52119100756A61 /* Products */ = {
			isa = PBXGroup;
			children = (
				8816483A2D52119100756A61 /* VIPERToDoList.app */,
				881648502D52119200756A61 /* VIPERToDoListTests.xctest */,
				8816485A2D52119200756A61 /* VIPERToDoListUITests.xctest */,
			);
			name = Products;
			sourceTree = "<group>";
		};
		8816483C2D52119100756A61 /* VIPERToDoList */ = {
			isa = PBXGroup;
			children = (
				881648832D5257B000756A61 /* TaskDetail */,
				88D73A522D547BE9001FD13C /* Modules */,
				88D73A532D547BF2001FD13C /* Shared */,
				8816486F2D52130500756A61 /* API */,
				8816486D2D52127900756A61 /* Application */,
				8816486E2D52129900756A61 /* Resources */,
			);
			path = VIPERToDoList;
			sourceTree = "<group>";
		};
		881648532D52119200756A61 /* VIPERToDoListTests */ = {
			isa = PBXGroup;
			children = (
				881648542D52119200756A61 /* VIPERToDoListTests.swift */,
			);
			path = VIPERToDoListTests;
			sourceTree = "<group>";
		};
		8816485D2D52119200756A61 /* VIPERToDoListUITests */ = {
			isa = PBXGroup;
			children = (
				8816485E2D52119200756A61 /* VIPERToDoListUITests.swift */,
				881648602D52119200756A61 /* VIPERToDoListUITestsLaunchTests.swift */,
			);
			path = VIPERToDoListUITests;
			sourceTree = "<group>";
		};
		8816486D2D52127900756A61 /* Application */ = {
			isa = PBXGroup;
			children = (
				8816483D2D52119100756A61 /* AppDelegate.swift */,
				8816483F2D52119100756A61 /* SceneDelegate.swift */,
			);
			path = Application;
			sourceTree = "<group>";
		};
		8816486E2D52129900756A61 /* Resources */ = {
			isa = PBXGroup;
			children = (
				881648462D52119200756A61 /* Assets.xcassets */,
				881648482D52119200756A61 /* LaunchScreen.storyboard */,
				8816484B2D52119200756A61 /* Info.plist */,
			);
			path = Resources;
			sourceTree = "<group>";
		};
		8816486F2D52130500756A61 /* API */ = {
			isa = PBXGroup;
			children = (
				881648702D5213D100756A61 /* ToDoCoreDataManager.swift */,
				881648722D5213E800756A61 /* ToDoNetworkManager.swift */,
				881648812D5225BF00756A61 /* ToDoListRepository.swift */,
				881648902D525B6400756A61 /* ToDoAPIModels.swift */,
			);
			path = API;
			sourceTree = "<group>";
		};
		881648742D52160400756A61 /* ToDoListModule */ = {
			isa = PBXGroup;
			children = (
				880EBF6A2D533F7A00F3107C /* ToDoListView */,
				881648752D52173000756A61 /* ToDoListPresenter.swift */,
				881648772D52185500756A61 /* ToDoListRouter.swift */,
				881648792D5218C900756A61 /* ToDoListInteractor.swift */,
				8816487B2D52195100756A61 /* ToDoListModuleConfigure.swift */,
			);
			path = ToDoListModule;
			sourceTree = "<group>";
		};
		881648832D5257B000756A61 /* TaskDetail */ = {
			isa = PBXGroup;
			children = (
				881648842D5257DF00756A61 /* TaskDetailProtocols.swift */,
				881648862D5257E800756A61 /* TaskDetailInteractor.swift */,
				881648882D5257F300756A61 /* TaskDetailPresenter.swift */,
				8816488A2D5257FF00756A61 /* TaskDetailViewController.swift */,
				8816488C2D52580600756A61 /* TaskDetailRouter.swift */,
			);
			path = TaskDetail;
			sourceTree = "<group>";
		};
		88D73A4F2D54798E001FD13C /* NewTaskModule */ = {
			isa = PBXGroup;
			children = (
			);
			path = NewTaskModule;
			sourceTree = "<group>";
		};
		88D73A522D547BE9001FD13C /* Modules */ = {
			isa = PBXGroup;
			children = (
				881648742D52160400756A61 /* ToDoListModule */,
				88D73A4F2D54798E001FD13C /* NewTaskModule */,
			);
			path = Modules;
			sourceTree = "<group>";
		};
		88D73A532D547BF2001FD13C /* Shared */ = {
			isa = PBXGroup;
			children = (
				88D73A542D547C10001FD13C /* Entities */,
			);
			path = Shared;
			sourceTree = "<group>";
		};
		88D73A542D547C10001FD13C /* Entities */ = {
			isa = PBXGroup;
			children = (
				8816487F2D52234A00756A61 /* ToDoEntity.swift */,
			);
			path = Entities;
			sourceTree = "<group>";
		};
/* End PBXGroup section */

/* Begin PBXNativeTarget section */
		881648392D52119100756A61 /* VIPERToDoList */ = {
			isa = PBXNativeTarget;
			buildConfigurationList = 881648642D52119200756A61 /* Build configuration list for PBXNativeTarget "VIPERToDoList" */;
			buildPhases = (
				881648362D52119100756A61 /* Sources */,
				881648372D52119100756A61 /* Frameworks */,
				881648382D52119100756A61 /* Resources */,
			);
			buildRules = (
			);
			dependencies = (
			);
			name = VIPERToDoList;
			productName = VIPERToDoList;
			productReference = 8816483A2D52119100756A61 /* VIPERToDoList.app */;
			productType = "com.apple.product-type.application";
		};
		8816484F2D52119200756A61 /* VIPERToDoListTests */ = {
			isa = PBXNativeTarget;
			buildConfigurationList = 881648672D52119200756A61 /* Build configuration list for PBXNativeTarget "VIPERToDoListTests" */;
			buildPhases = (
				8816484C2D52119200756A61 /* Sources */,
				8816484D2D52119200756A61 /* Frameworks */,
				8816484E2D52119200756A61 /* Resources */,
			);
			buildRules = (
			);
			dependencies = (
				881648522D52119200756A61 /* PBXTargetDependency */,
			);
			name = VIPERToDoListTests;
			productName = VIPERToDoListTests;
			productReference = 881648502D52119200756A61 /* VIPERToDoListTests.xctest */;
			productType = "com.apple.product-type.bundle.unit-test";
		};
		881648592D52119200756A61 /* VIPERToDoListUITests */ = {
			isa = PBXNativeTarget;
			buildConfigurationList = 8816486A2D52119200756A61 /* Build configuration list for PBXNativeTarget "VIPERToDoListUITests" */;
			buildPhases = (
				881648562D52119200756A61 /* Sources */,
				881648572D52119200756A61 /* Frameworks */,
				881648582D52119200756A61 /* Resources */,
			);
			buildRules = (
			);
			dependencies = (
				8816485C2D52119200756A61 /* PBXTargetDependency */,
			);
			name = VIPERToDoListUITests;
			productName = VIPERToDoListUITests;
			productReference = 8816485A2D52119200756A61 /* VIPERToDoListUITests.xctest */;
			productType = "com.apple.product-type.bundle.ui-testing";
		};
/* End PBXNativeTarget section */

/* Begin PBXProject section */
		881648322D52119100756A61 /* Project object */ = {
			isa = PBXProject;
			attributes = {
				BuildIndependentTargetsInParallel = 1;
				LastSwiftUpdateCheck = 1540;
				LastUpgradeCheck = 1540;
				TargetAttributes = {
					881648392D52119100756A61 = {
						CreatedOnToolsVersion = 15.4;
					};
					8816484F2D52119200756A61 = {
						CreatedOnToolsVersion = 15.4;
						TestTargetID = 881648392D52119100756A61;
					};
					881648592D52119200756A61 = {
						CreatedOnToolsVersion = 15.4;
						TestTargetID = 881648392D52119100756A61;
					};
				};
			};
			buildConfigurationList = 881648352D52119100756A61 /* Build configuration list for PBXProject "VIPERToDoList" */;
			compatibilityVersion = "Xcode 14.0";
			developmentRegion = en;
			hasScannedForEncodings = 0;
			knownRegions = (
				en,
				Base,
			);
			mainGroup = 881648312D52119100756A61;
			productRefGroup = 8816483B2D52119100756A61 /* Products */;
			projectDirPath = "";
			projectRoot = "";
			targets = (
				881648392D52119100756A61 /* VIPERToDoList */,
				8816484F2D52119200756A61 /* VIPERToDoListTests */,
				881648592D52119200756A61 /* VIPERToDoListUITests */,
			);
		};
/* End PBXProject section */

/* Begin PBXResourcesBuildPhase section */
		881648382D52119100756A61 /* Resources */ = {
			isa = PBXResourcesBuildPhase;
			buildActionMask = 2147483647;
			files = (
				880EBF692D52743C00F3107C /* Main.storyboard in Resources */,
				881648472D52119200756A61 /* Assets.xcassets in Resources */,
				8816484A2D52119200756A61 /* Base in Resources */,
			);
			runOnlyForDeploymentPostprocessing = 0;
		};
		8816484E2D52119200756A61 /* Resources */ = {
			isa = PBXResourcesBuildPhase;
			buildActionMask = 2147483647;
			files = (
			);
			runOnlyForDeploymentPostprocessing = 0;
		};
		881648582D52119200756A61 /* Resources */ = {
			isa = PBXResourcesBuildPhase;
			buildActionMask = 2147483647;
			files = (
			);
			runOnlyForDeploymentPostprocessing = 0;
		};
/* End PBXResourcesBuildPhase section */

/* Begin PBXSourcesBuildPhase section */
		881648362D52119100756A61 /* Sources */ = {
			isa = PBXSourcesBuildPhase;
			buildActionMask = 2147483647;
			files = (
				8816487A2D5218C900756A61 /* ToDoListInteractor.swift in Sources */,
				881648762D52173000756A61 /* ToDoListPresenter.swift in Sources */,
				881648712D5213D100756A61 /* ToDoCoreDataManager.swift in Sources */,
				881648422D52119100756A61 /* ToDoListViewController.swift in Sources */,
				8816483E2D52119100756A61 /* AppDelegate.swift in Sources */,
				881648822D5225BF00756A61 /* ToDoListRepository.swift in Sources */,
				881648782D52185500756A61 /* ToDoListRouter.swift in Sources */,
				881648852D5257DF00756A61 /* TaskDetailProtocols.swift in Sources */,
				8816488D2D52580600756A61 /* TaskDetailRouter.swift in Sources */,
				881648872D5257E800756A61 /* TaskDetailInteractor.swift in Sources */,
				8816488B2D5257FF00756A61 /* TaskDetailViewController.swift in Sources */,
				881648802D52234A00756A61 /* ToDoEntity.swift in Sources */,
				8816487C2D52195100756A61 /* ToDoListModuleConfigure.swift in Sources */,
				881648732D5213E800756A61 /* ToDoNetworkManager.swift in Sources */,
				881648892D5257F300756A61 /* TaskDetailPresenter.swift in Sources */,
				880EBF6C2D533F8E00F3107C /* ToDoTableViewCell.swift in Sources */,
				881648402D52119100756A61 /* SceneDelegate.swift in Sources */,
				881648912D525B6400756A61 /* ToDoAPIModels.swift in Sources */,
			);
			runOnlyForDeploymentPostprocessing = 0;
		};
		8816484C2D52119200756A61 /* Sources */ = {
			isa = PBXSourcesBuildPhase;
			buildActionMask = 2147483647;
			files = (
				881648552D52119200756A61 /* VIPERToDoListTests.swift in Sources */,
			);
			runOnlyForDeploymentPostprocessing = 0;
		};
		881648562D52119200756A61 /* Sources */ = {
			isa = PBXSourcesBuildPhase;
			buildActionMask = 2147483647;
			files = (
				8816485F2D52119200756A61 /* VIPERToDoListUITests.swift in Sources */,
				881648612D52119200756A61 /* VIPERToDoListUITestsLaunchTests.swift in Sources */,
			);
			runOnlyForDeploymentPostprocessing = 0;
		};
/* End PBXSourcesBuildPhase section */

/* Begin PBXTargetDependency section */
		881648522D52119200756A61 /* PBXTargetDependency */ = {
			isa = PBXTargetDependency;
			target = 881648392D52119100756A61 /* VIPERToDoList */;
			targetProxy = 881648512D52119200756A61 /* PBXContainerItemProxy */;
		};
		8816485C2D52119200756A61 /* PBXTargetDependency */ = {
			isa = PBXTargetDependency;
			target = 881648392D52119100756A61 /* VIPERToDoList */;
			targetProxy = 8816485B2D52119200756A61 /* PBXContainerItemProxy */;
		};
/* End PBXTargetDependency section */

/* Begin PBXVariantGroup section */
		881648482D52119200756A61 /* LaunchScreen.storyboard */ = {
			isa = PBXVariantGroup;
			children = (
				881648492D52119200756A61 /* Base */,
			);
			name = LaunchScreen.storyboard;
			sourceTree = "<group>";
		};
/* End PBXVariantGroup section */

/* Begin XCBuildConfiguration section */
		881648622D52119200756A61 /* Debug */ = {
			isa = XCBuildConfiguration;
			buildSettings = {
				ALWAYS_SEARCH_USER_PATHS = NO;
				ASSETCATALOG_COMPILER_GENERATE_SWIFT_ASSET_SYMBOL_EXTENSIONS = YES;
				CLANG_ANALYZER_NONNULL = YES;
				CLANG_ANALYZER_NUMBER_OBJECT_CONVERSION = YES_AGGRESSIVE;
				CLANG_CXX_LANGUAGE_STANDARD = "gnu++20";
				CLANG_ENABLE_MODULES = YES;
				CLANG_ENABLE_OBJC_ARC = YES;
				CLANG_ENABLE_OBJC_WEAK = YES;
				CLANG_WARN_BLOCK_CAPTURE_AUTORELEASING = YES;
				CLANG_WARN_BOOL_CONVERSION = YES;
				CLANG_WARN_COMMA = YES;
				CLANG_WARN_CONSTANT_CONVERSION = YES;
				CLANG_WARN_DEPRECATED_OBJC_IMPLEMENTATIONS = YES;
				CLANG_WARN_DIRECT_OBJC_ISA_USAGE = YES_ERROR;
				CLANG_WARN_DOCUMENTATION_COMMENTS = YES;
				CLANG_WARN_EMPTY_BODY = YES;
				CLANG_WARN_ENUM_CONVERSION = YES;
				CLANG_WARN_INFINITE_RECURSION = YES;
				CLANG_WARN_INT_CONVERSION = YES;
				CLANG_WARN_NON_LITERAL_NULL_CONVERSION = YES;
				CLANG_WARN_OBJC_IMPLICIT_RETAIN_SELF = YES;
				CLANG_WARN_OBJC_LITERAL_CONVERSION = YES;
				CLANG_WARN_OBJC_ROOT_CLASS = YES_ERROR;
				CLANG_WARN_QUOTED_INCLUDE_IN_FRAMEWORK_HEADER = YES;
				CLANG_WARN_RANGE_LOOP_ANALYSIS = YES;
				CLANG_WARN_STRICT_PROTOTYPES = YES;
				CLANG_WARN_SUSPICIOUS_MOVE = YES;
				CLANG_WARN_UNGUARDED_AVAILABILITY = YES_AGGRESSIVE;
				CLANG_WARN_UNREACHABLE_CODE = YES;
				CLANG_WARN__DUPLICATE_METHOD_MATCH = YES;
				COPY_PHASE_STRIP = NO;
				DEBUG_INFORMATION_FORMAT = dwarf;
				ENABLE_STRICT_OBJC_MSGSEND = YES;
				ENABLE_TESTABILITY = YES;
				ENABLE_USER_SCRIPT_SANDBOXING = YES;
				GCC_C_LANGUAGE_STANDARD = gnu17;
				GCC_DYNAMIC_NO_PIC = NO;
				GCC_NO_COMMON_BLOCKS = YES;
				GCC_OPTIMIZATION_LEVEL = 0;
				GCC_PREPROCESSOR_DEFINITIONS = (
					"DEBUG=1",
					"$(inherited)",
				);
				GCC_WARN_64_TO_32_BIT_CONVERSION = YES;
				GCC_WARN_ABOUT_RETURN_TYPE = YES_ERROR;
				GCC_WARN_UNDECLARED_SELECTOR = YES;
				GCC_WARN_UNINITIALIZED_AUTOS = YES_AGGRESSIVE;
				GCC_WARN_UNUSED_FUNCTION = YES;
				GCC_WARN_UNUSED_VARIABLE = YES;
				IPHONEOS_DEPLOYMENT_TARGET = 17.5;
				LOCALIZATION_PREFERS_STRING_CATALOGS = YES;
				MTL_ENABLE_DEBUG_INFO = INCLUDE_SOURCE;
				MTL_FAST_MATH = YES;
				ONLY_ACTIVE_ARCH = YES;
				SDKROOT = iphoneos;
				SWIFT_ACTIVE_COMPILATION_CONDITIONS = "DEBUG $(inherited)";
				SWIFT_OPTIMIZATION_LEVEL = "-Onone";
			};
			name = Debug;
		};
		881648632D52119200756A61 /* Release */ = {
			isa = XCBuildConfiguration;
			buildSettings = {
				ALWAYS_SEARCH_USER_PATHS = NO;
				ASSETCATALOG_COMPILER_GENERATE_SWIFT_ASSET_SYMBOL_EXTENSIONS = YES;
				CLANG_ANALYZER_NONNULL = YES;
				CLANG_ANALYZER_NUMBER_OBJECT_CONVERSION = YES_AGGRESSIVE;
				CLANG_CXX_LANGUAGE_STANDARD = "gnu++20";
				CLANG_ENABLE_MODULES = YES;
				CLANG_ENABLE_OBJC_ARC = YES;
				CLANG_ENABLE_OBJC_WEAK = YES;
				CLANG_WARN_BLOCK_CAPTURE_AUTORELEASING = YES;
				CLANG_WARN_BOOL_CONVERSION = YES;
				CLANG_WARN_COMMA = YES;
				CLANG_WARN_CONSTANT_CONVERSION = YES;
				CLANG_WARN_DEPRECATED_OBJC_IMPLEMENTATIONS = YES;
				CLANG_WARN_DIRECT_OBJC_ISA_USAGE = YES_ERROR;
				CLANG_WARN_DOCUMENTATION_COMMENTS = YES;
				CLANG_WARN_EMPTY_BODY = YES;
				CLANG_WARN_ENUM_CONVERSION = YES;
				CLANG_WARN_INFINITE_RECURSION = YES;
				CLANG_WARN_INT_CONVERSION = YES;
				CLANG_WARN_NON_LITERAL_NULL_CONVERSION = YES;
				CLANG_WARN_OBJC_IMPLICIT_RETAIN_SELF = YES;
				CLANG_WARN_OBJC_LITERAL_CONVERSION = YES;
				CLANG_WARN_OBJC_ROOT_CLASS = YES_ERROR;
				CLANG_WARN_QUOTED_INCLUDE_IN_FRAMEWORK_HEADER = YES;
				CLANG_WARN_RANGE_LOOP_ANALYSIS = YES;
				CLANG_WARN_STRICT_PROTOTYPES = YES;
				CLANG_WARN_SUSPICIOUS_MOVE = YES;
				CLANG_WARN_UNGUARDED_AVAILABILITY = YES_AGGRESSIVE;
				CLANG_WARN_UNREACHABLE_CODE = YES;
				CLANG_WARN__DUPLICATE_METHOD_MATCH = YES;
				COPY_PHASE_STRIP = NO;
				DEBUG_INFORMATION_FORMAT = "dwarf-with-dsym";
				ENABLE_NS_ASSERTIONS = NO;
				ENABLE_STRICT_OBJC_MSGSEND = YES;
				ENABLE_USER_SCRIPT_SANDBOXING = YES;
				GCC_C_LANGUAGE_STANDARD = gnu17;
				GCC_NO_COMMON_BLOCKS = YES;
				GCC_WARN_64_TO_32_BIT_CONVERSION = YES;
				GCC_WARN_ABOUT_RETURN_TYPE = YES_ERROR;
				GCC_WARN_UNDECLARED_SELECTOR = YES;
				GCC_WARN_UNINITIALIZED_AUTOS = YES_AGGRESSIVE;
				GCC_WARN_UNUSED_FUNCTION = YES;
				GCC_WARN_UNUSED_VARIABLE = YES;
				IPHONEOS_DEPLOYMENT_TARGET = 17.5;
				LOCALIZATION_PREFERS_STRING_CATALOGS = YES;
				MTL_ENABLE_DEBUG_INFO = NO;
				MTL_FAST_MATH = YES;
				SDKROOT = iphoneos;
				SWIFT_COMPILATION_MODE = wholemodule;
				VALIDATE_PRODUCT = YES;
			};
			name = Release;
		};
		881648652D52119200756A61 /* Debug */ = {
			isa = XCBuildConfiguration;
			buildSettings = {
				ASSETCATALOG_COMPILER_APPICON_NAME = AppIcon;
				ASSETCATALOG_COMPILER_GLOBAL_ACCENT_COLOR_NAME = AccentColor;
				CODE_SIGN_STYLE = Automatic;
				CURRENT_PROJECT_VERSION = 1;
				DEVELOPMENT_TEAM = LZP4UC5RAY;
				GENERATE_INFOPLIST_FILE = YES;
				INFOPLIST_FILE = VIPERToDoList/Resources/Info.plist;
				INFOPLIST_KEY_UIApplicationSupportsIndirectInputEvents = YES;
				INFOPLIST_KEY_UILaunchStoryboardName = LaunchScreen;
				INFOPLIST_KEY_UIMainStoryboardFile = Main;
				INFOPLIST_KEY_UISupportedInterfaceOrientations = UIInterfaceOrientationPortrait;
				INFOPLIST_KEY_UISupportedInterfaceOrientations_iPad = "UIInterfaceOrientationLandscapeLeft UIInterfaceOrientationLandscapeRight UIInterfaceOrientationPortrait UIInterfaceOrientationPortraitUpsideDown";
				LD_RUNPATH_SEARCH_PATHS = (
					"$(inherited)",
					"@executable_path/Frameworks",
				);
				MARKETING_VERSION = 1.0;
				PRODUCT_BUNDLE_IDENTIFIER = IM.VIPERToDoList;
				PRODUCT_NAME = "$(TARGET_NAME)";
				SUPPORTED_PLATFORMS = "iphoneos iphonesimulator";
				SUPPORTS_MACCATALYST = NO;
				SUPPORTS_MAC_DESIGNED_FOR_IPHONE_IPAD = NO;
				SUPPORTS_XR_DESIGNED_FOR_IPHONE_IPAD = NO;
				SWIFT_EMIT_LOC_STRINGS = YES;
				SWIFT_VERSION = 5.0;
				TARGETED_DEVICE_FAMILY = 1;
			};
			name = Debug;
		};
		881648662D52119200756A61 /* Release */ = {
			isa = XCBuildConfiguration;
			buildSettings = {
				ASSETCATALOG_COMPILER_APPICON_NAME = AppIcon;
				ASSETCATALOG_COMPILER_GLOBAL_ACCENT_COLOR_NAME = AccentColor;
				CODE_SIGN_STYLE = Automatic;
				CURRENT_PROJECT_VERSION = 1;
				DEVELOPMENT_TEAM = LZP4UC5RAY;
				GENERATE_INFOPLIST_FILE = YES;
				INFOPLIST_FILE = VIPERToDoList/Resources/Info.plist;
				INFOPLIST_KEY_UIApplicationSupportsIndirectInputEvents = YES;
				INFOPLIST_KEY_UILaunchStoryboardName = LaunchScreen;
				INFOPLIST_KEY_UIMainStoryboardFile = Main;
				INFOPLIST_KEY_UISupportedInterfaceOrientations = UIInterfaceOrientationPortrait;
				INFOPLIST_KEY_UISupportedInterfaceOrientations_iPad = "UIInterfaceOrientationLandscapeLeft UIInterfaceOrientationLandscapeRight UIInterfaceOrientationPortrait UIInterfaceOrientationPortraitUpsideDown";
				LD_RUNPATH_SEARCH_PATHS = (
					"$(inherited)",
					"@executable_path/Frameworks",
				);
				MARKETING_VERSION = 1.0;
				PRODUCT_BUNDLE_IDENTIFIER = IM.VIPERToDoList;
				PRODUCT_NAME = "$(TARGET_NAME)";
				SUPPORTED_PLATFORMS = "iphoneos iphonesimulator";
				SUPPORTS_MACCATALYST = NO;
				SUPPORTS_MAC_DESIGNED_FOR_IPHONE_IPAD = NO;
				SUPPORTS_XR_DESIGNED_FOR_IPHONE_IPAD = NO;
				SWIFT_EMIT_LOC_STRINGS = YES;
				SWIFT_VERSION = 5.0;
				TARGETED_DEVICE_FAMILY = 1;
			};
			name = Release;
		};
		881648682D52119200756A61 /* Debug */ = {
			isa = XCBuildConfiguration;
			buildSettings = {
				ALWAYS_EMBED_SWIFT_STANDARD_LIBRARIES = YES;
				BUNDLE_LOADER = "$(TEST_HOST)";
				CODE_SIGN_STYLE = Automatic;
				CURRENT_PROJECT_VERSION = 1;
				DEVELOPMENT_TEAM = LZP4UC5RAY;
				GENERATE_INFOPLIST_FILE = YES;
				IPHONEOS_DEPLOYMENT_TARGET = 17.5;
				MARKETING_VERSION = 1.0;
				PRODUCT_BUNDLE_IDENTIFIER = IM.VIPERToDoListTests;
				PRODUCT_NAME = "$(TARGET_NAME)";
				SWIFT_EMIT_LOC_STRINGS = NO;
				SWIFT_VERSION = 5.0;
				TARGETED_DEVICE_FAMILY = "1,2";
				TEST_HOST = "$(BUILT_PRODUCTS_DIR)/VIPERToDoList.app/$(BUNDLE_EXECUTABLE_FOLDER_PATH)/VIPERToDoList";
			};
			name = Debug;
		};
		881648692D52119200756A61 /* Release */ = {
			isa = XCBuildConfiguration;
			buildSettings = {
				ALWAYS_EMBED_SWIFT_STANDARD_LIBRARIES = YES;
				BUNDLE_LOADER = "$(TEST_HOST)";
				CODE_SIGN_STYLE = Automatic;
				CURRENT_PROJECT_VERSION = 1;
				DEVELOPMENT_TEAM = LZP4UC5RAY;
				GENERATE_INFOPLIST_FILE = YES;
				IPHONEOS_DEPLOYMENT_TARGET = 17.5;
				MARKETING_VERSION = 1.0;
				PRODUCT_BUNDLE_IDENTIFIER = IM.VIPERToDoListTests;
				PRODUCT_NAME = "$(TARGET_NAME)";
				SWIFT_EMIT_LOC_STRINGS = NO;
				SWIFT_VERSION = 5.0;
				TARGETED_DEVICE_FAMILY = "1,2";
				TEST_HOST = "$(BUILT_PRODUCTS_DIR)/VIPERToDoList.app/$(BUNDLE_EXECUTABLE_FOLDER_PATH)/VIPERToDoList";
			};
			name = Release;
		};
		8816486B2D52119200756A61 /* Debug */ = {
			isa = XCBuildConfiguration;
			buildSettings = {
				ALWAYS_EMBED_SWIFT_STANDARD_LIBRARIES = YES;
				CODE_SIGN_STYLE = Automatic;
				CURRENT_PROJECT_VERSION = 1;
				DEVELOPMENT_TEAM = LZP4UC5RAY;
				GENERATE_INFOPLIST_FILE = YES;
				MARKETING_VERSION = 1.0;
				PRODUCT_BUNDLE_IDENTIFIER = IM.VIPERToDoListUITests;
				PRODUCT_NAME = "$(TARGET_NAME)";
				SWIFT_EMIT_LOC_STRINGS = NO;
				SWIFT_VERSION = 5.0;
				TARGETED_DEVICE_FAMILY = "1,2";
				TEST_TARGET_NAME = VIPERToDoList;
			};
			name = Debug;
		};
		8816486C2D52119200756A61 /* Release */ = {
			isa = XCBuildConfiguration;
			buildSettings = {
				ALWAYS_EMBED_SWIFT_STANDARD_LIBRARIES = YES;
				CODE_SIGN_STYLE = Automatic;
				CURRENT_PROJECT_VERSION = 1;
				DEVELOPMENT_TEAM = LZP4UC5RAY;
				GENERATE_INFOPLIST_FILE = YES;
				MARKETING_VERSION = 1.0;
				PRODUCT_BUNDLE_IDENTIFIER = IM.VIPERToDoListUITests;
				PRODUCT_NAME = "$(TARGET_NAME)";
				SWIFT_EMIT_LOC_STRINGS = NO;
				SWIFT_VERSION = 5.0;
				TARGETED_DEVICE_FAMILY = "1,2";
				TEST_TARGET_NAME = VIPERToDoList;
			};
			name = Release;
		};
/* End XCBuildConfiguration section */

/* Begin XCConfigurationList section */
		881648352D52119100756A61 /* Build configuration list for PBXProject "VIPERToDoList" */ = {
			isa = XCConfigurationList;
			buildConfigurations = (
				881648622D52119200756A61 /* Debug */,
				881648632D52119200756A61 /* Release */,
			);
			defaultConfigurationIsVisible = 0;
			defaultConfigurationName = Release;
		};
		881648642D52119200756A61 /* Build configuration list for PBXNativeTarget "VIPERToDoList" */ = {
			isa = XCConfigurationList;
			buildConfigurations = (
				881648652D52119200756A61 /* Debug */,
				881648662D52119200756A61 /* Release */,
			);
			defaultConfigurationIsVisible = 0;
			defaultConfigurationName = Release;
		};
		881648672D52119200756A61 /* Build configuration list for PBXNativeTarget "VIPERToDoListTests" */ = {
			isa = XCConfigurationList;
			buildConfigurations = (
				881648682D52119200756A61 /* Debug */,
				881648692D52119200756A61 /* Release */,
			);
			defaultConfigurationIsVisible = 0;
			defaultConfigurationName = Release;
		};
		8816486A2D52119200756A61 /* Build configuration list for PBXNativeTarget "VIPERToDoListUITests" */ = {
			isa = XCConfigurationList;
			buildConfigurations = (
				8816486B2D52119200756A61 /* Debug */,
				8816486C2D52119200756A61 /* Release */,
			);
			defaultConfigurationIsVisible = 0;
			defaultConfigurationName = Release;
		};
/* End XCConfigurationList section */
	};
	rootObject = 881648322D52119100756A61 /* Project object */;
}
